
Microsoft Visual Studio Solution File, Format Version 12.00
# Visual Studio Version 17
VisualStudioVersion = 17.0.31903.59
MinimumVisualStudioVersion = 10.0.40219.1
Project("{2150E333-8FDC-42A3-9474-1A3956D46DE8}") = "src", "src", "{827E0CD3-B72D-47B6-A68D-7590B98EB39B}"
EndProject
Project("{FAE04EC0-301F-11D3-BF4B-00C04F79EFBC}") = "RakionServer.Common", "src\RakionServer.Common\RakionServer.Common.csproj", "{1492FBAB-54FA-4911-85A5-0C654EEC4C37}"
EndProject
Project("{FAE04EC0-301F-11D3-BF4B-00C04F79EFBC}") = "RakionServer.World", "src\RakionServer.World\RakionServer.World.csproj", "{3002B244-8974-4068-885E-D4D969D841A3}"
EndProject
Project("{FAE04EC0-301F-11D3-BF4B-00C04F79EFBC}") = "RakionServer.Broker", "src\RakionServer.Broker\RakionServer.Broker.csproj", "{E1007660-EC5E-4E7F-90E4-4A955A5059EB}"
EndProject
Project("{FAE04EC0-301F-11D3-BF4B-00C04F79EFBC}") = "RakionServer.Buddy", "src\RakionServer.Buddy\RakionServer.Buddy.csproj", "{B55B4C10-3141-47AA-A1C7-914298878C37}"
EndProject
Project("{2150E333-8FDC-42A3-9474-1A3956D46DE8}") = "tools", "tools", "{07C2787E-EAC7-C090-1BA3-A61EC2A24D84}"
EndProject
Project("{FAE04EC0-301F-11D3-BF4B-00C04F79EFBC}") = "RakionServer.OracleDiff", "tools\RakionServer.OracleDiff\RakionServer.OracleDiff.csproj", "{713357EF-D86A-4D35-BE2A-2711289FF1B0}"
EndProject
Project("{FAE04EC0-301F-11D3-BF4B-00C04F79EFBC}") = "RakionServer.LauncherWeb", "src\RakionServer.LauncherWeb\RakionServer.LauncherWeb.csproj", "{6498E1AD-187D-476D-90EB-C66CD0EB7522}"
EndProject
Project("{FAE04EC0-301F-11D3-BF4B-00C04F79EFBC}") = "RakionServer.Admin", "src\RakionServer.Admin\RakionServer.Admin.csproj", "{62D8C13A-A411-4C04-BC7E-E1DA798DAD63}"
EndProject
Project("{FAE04EC0-301F-11D3-BF4B-00C04F79EFBC}") = "RakionServer.Ranking", "src\RakionServer.Ranking\RakionServer.Ranking.csproj", "{46356686-5362-4E1E-875F-ED513D74C42A}"
EndProject
Project("{2150E333-8FDC-42A3-9474-1A3956D46DE8}") = "client", "client", "{2CB42F12-E813-91B3-7D11-3220E40BEF4A}"
EndProject
Project("{FAE04EC0-301F-11D3-BF4B-00C04F79EFBC}") = "RakionLauncher", "..\..\client\RakionLauncher\RakionLauncher.csproj", "{0FBD234C-F56F-490A-A41C-DEB8B0D8BB1F}"
EndProject
Project("{FAE04EC0-301F-11D3-BF4B-00C04F79EFBC}") = "RakionLauncher.Tests", "..\..\client\RakionLauncher.Tests\RakionLauncher.Tests.csproj", "{260FD818-1BB5-4583-9BFD-BF4930D7B3EA}"
EndProject
Global
	GlobalSection(SolutionConfigurationPlatforms) = preSolution
		Debug|Any CPU = Debug|Any CPU
		Debug|x64 = Debug|x64
		Debug|x86 = Debug|x86
		Release|Any CPU = Release|Any CPU
		Release|x64 = Release|x64
		Release|x86 = Release|x86
	EndGlobalSection
	GlobalSection(ProjectConfigurationPlatforms) = postSolution
		{1492FBAB-54FA-4911-85A5-0C654EEC4C37}.Debug|Any CPU.ActiveCfg = Debug|Any CPU
		{1492FBAB-54FA-4911-85A5-0C654EEC4C37}.Debug|Any CPU.Build.0 = Debug|Any CPU
		{1492FBAB-54FA-4911-85A5-0C654EEC4C37}.Debug|x64.ActiveCfg = Debug|Any CPU
		{1492FBAB-54FA-4911-85A5-0C654EEC4C37}.Debug|x64.Build.0 = Debug|Any CPU
		{1492FBAB-54FA-4911-85A5-0C654EEC4C37}.Debug|x86.ActiveCfg = Debug|Any CPU
		{1492FBAB-54FA-4911-85A5-0C654EEC4C37}.Debug|x86.Build.0 = Debug|Any CPU
		{1492FBAB-54FA-4911-85A5-0C654EEC4C37}.Release|Any CPU.ActiveCfg = Release|Any CPU
		{1492FBAB-54FA-4911-85A5-0C654EEC4C37}.Release|Any CPU.Build.0 = Release|Any CPU
		{1492FBAB-54FA-4911-85A5-0C654EEC4C37}.Release|x64.ActiveCfg = Release|Any CPU
		{1492FBAB-54FA-4911-85A5-0C654EEC4C37}.Release|x64.Build.0 = Release|Any CPU
		{1492FBAB-54FA-4911-85A5-0C654EEC4C37}.Release|x86.ActiveCfg = Release|Any CPU
		{1492FBAB-54FA-4911-85A5-0C654EEC4C37}.Release|x86.Build.0 = Release|Any CPU
		{3002B244-8974-4068-885E-D4D969D841A3}.Debug|Any CPU.ActiveCfg = Debug|Any CPU
		{3002B244-8974-4068-885E-D4D969D841A3}.Debug|Any CPU.Build.0 = Debug|Any CPU
		{3002B244-8974-4068-885E-D4D969D841A3}.Debug|x64.ActiveCfg = Debug|Any CPU
		{3002B244-8974-4068-885E-D4D969D841A3}.Debug|x64.Build.0 = Debug|Any CPU
		{3002B244-8974-4068-885E-D4D969D841A3}.Debug|x86.ActiveCfg = Debug|Any CPU
		{3002B244-8974-4068-885E-D4D969D841A3}.Debug|x86.Build.0 = Debug|Any CPU
		{3002B244-8974-4068-885E-D4D969D841A3}.Release|Any CPU.ActiveCfg = Release|Any CPU
		{3002B244-8974-4068-885E-D4D969D841A3}.Release|Any CPU.Build.0 = Release|Any CPU
		{3002B244-8974-4068-885E-D4D969D841A3}.Release|x64.ActiveCfg = Release|Any CPU
		{3002B244-8974-4068-885E-D4D969D841A3}.Release|x64.Build.0 = Release|Any CPU
		{3002B244-8974-4068-885E-D4D969D841A3}.Release|x86.ActiveCfg = Release|Any CPU
		{3002B244-8974-4068-885E-D4D969D841A3}.Release|x86.Build.0 = Release|Any CPU
		{E1007660-EC5E-4E7F-90E4-4A955A5059EB}.Debug|Any CPU.ActiveCfg = Debug|Any CPU
		{E1007660-EC5E-4E7F-90E4-4A955A5059EB}.Debug|Any CPU.Build.0 = Debug|Any CPU
		{E1007660-EC5E-4E7F-90E4-4A955A5059EB}.Debug|x64.ActiveCfg = Debug|Any CPU
		{E1007660-EC5E-4E7F-90E4-4A955A5059EB}.Debug|x64.Build.0 = Debug|Any CPU
		{E1007660-EC5E-4E7F-90E4-4A955A5059EB}.Debug|x86.ActiveCfg = Debug|Any CPU
		{E1007660-EC5E-4E7F-90E4-4A955A5059EB}.Debug|x86.Build.0 = Debug|Any CPU
		{E1007660-EC5E-4E7F-90E4-4A955A5059EB}.Release|Any CPU.ActiveCfg = Release|Any CPU
		{E1007660-EC5E-4E7F-90E4-4A955A5059EB}.Release|Any CPU.Build.0 = Release|Any CPU
		{E1007660-EC5E-4E7F-90E4-4A955A5059EB}.Release|x64.ActiveCfg = Release|Any CPU
		{E1007660-EC5E-4E7F-90E4-4A955A5059EB}.Release|x64.Build.0 = Release|Any CPU
		{E1007660-EC5E-4E7F-90E4-4A955A5059EB}.Release|x86.ActiveCfg = Release|Any CPU
		{E1007660-EC5E-4E7F-90E4-4A955A5059EB}.Release|x86.Build.0 = Release|Any CPU
		{B55B4C10-3141-47AA-A1C7-914298878C37}.Debug|Any CPU.ActiveCfg = Debug|Any CPU
		{B55B4C10-3141-47AA-A1C7-914298878C37}.Debug|Any CPU.Build.0 = Debug|Any CPU
		{B55B4C10-3141-47AA-A1C7-914298878C37}.Debug|x64.ActiveCfg = Debug|Any CPU
		{B55B4C10-3141-47AA-A1C7-914298878C37}.Debug|x64.Build.0 = Debug|Any CPU
		{B55B4C10-3141-47AA-A1C7-914298878C37}.Debug|x86.ActiveCfg = Debug|Any CPU
		{B55B4C10-3141-47AA-A1C7-914298878C37}.Debug|x86.Build.0 = Debug|Any CPU
		{B55B4C10-3141-47AA-A1C7-914298878C37}.Release|Any CPU.ActiveCfg = Release|Any CPU
		{B55B4C10-3141-47AA-A1C7-914298878C37}.Release|Any CPU.Build.0 = Release|Any CPU
		{B55B4C10-3141-47AA-A1C7-914298878C37}.Release|x64.ActiveCfg = Release|Any CPU
		{B55B4C10-3141-47AA-A1C7-914298878C37}.Release|x64.Build.0 = Release|Any CPU
		{B55B4C10-3141-47AA-A1C7-914298878C37}.Release|x86.ActiveCfg = Release|Any CPU
		{B55B4C10-3141-47AA-A1C7-914298878C37}.Release|x86.Build.0 = Release|Any CPU
		{713357EF-D86A-4D35-BE2A-2711289FF1B0}.Debug|Any CPU.ActiveCfg = Debug|Any CPU
		{713357EF-D86A-4D35-BE2A-2711289FF1B0}.Debug|Any CPU.Build.0 = Debug|Any CPU
		{713357EF-D86A-4D35-BE2A-2711289FF1B0}.Debug|x64.ActiveCfg = Debug|Any CPU
		{713357EF-D86A-4D35-BE2A-2711289FF1B0}.Debug|x64.Build.0 = Debug|Any CPU
		{713357EF-D86A-4D35-BE2A-2711289FF1B0}.Debug|x86.ActiveCfg = Debug|Any CPU
		{713357EF-D86A-4D35-BE2A-2711289FF1B0}.Debug|x86.Build.0 = Debug|Any CPU
		{713357EF-D86A-4D35-BE2A-2711289FF1B0}.Release|Any CPU.ActiveCfg = Release|Any CPU
		{713357EF-D86A-4D35-BE2A-2711289FF1B0}.Release|Any CPU.Build.0 = Release|Any CPU
		{713357EF-D86A-4D35-BE2A-2711289FF1B0}.Release|x64.ActiveCfg = Release|Any CPU
		{713357EF-D86A-4D35-BE2A-2711289FF1B0}.Release|x64.Build.0 = Release|Any CPU
		{713357EF-D86A-4D35-BE2A-2711289FF1B0}.Release|x86.ActiveCfg = Release|Any CPU
		{713357EF-D86A-4D35-BE2A-2711289FF1B0}.Release|x86.Build.0 = Release|Any CPU
		{6498E1AD-187D-476D-90EB-C66CD0EB7522}.Debug|Any CPU.ActiveCfg = Debug|Any CPU
		{6498E1AD-187D-476D-90EB-C66CD0EB7522}.Debug|Any CPU.Build.0 = Debug|Any CPU
		{6498E1AD-187D-476D-90EB-C66CD0EB7522}.Debug|x64.ActiveCfg = Debug|Any CPU
		{6498E1AD-187D-476D-90EB-C66CD0EB7522}.Debug|x64.Build.0 = Debug|Any CPU
		{6498E1AD-187D-476D-90EB-C66CD0EB7522}.Debug|x86.ActiveCfg = Debug|Any CPU
		{6498E1AD-187D-476D-90EB-C66CD0EB7522}.Debug|x86.Build.0 = Debug|Any CPU
		{6498E1AD-187D-476D-90EB-C66CD0EB7522}.Release|Any CPU.ActiveCfg = Release|Any CPU
		{6498E1AD-187D-476D-90EB-C66CD0EB7522}.Release|Any CPU.Build.0 = Release|Any CPU
		{6498E1AD-187D-476D-90EB-C66CD0EB7522}.Release|x64.ActiveCfg = Release|Any CPU
		{6498E1AD-187D-476D-90EB-C66CD0EB7522}.Release|x64.Build.0 = Release|Any CPU
		{6498E1AD-187D-476D-90EB-C66CD0EB7522}.Release|x86.ActiveCfg = Release|Any CPU
		{6498E1AD-187D-476D-90EB-C66CD0EB7522}.Release|x86.Build.0 = Release|Any CPU
		{62D8C13A-A411-4C04-BC7E-E1DA798DAD63}.Debug|Any CPU.ActiveCfg = Debug|Any CPU
		{62D8C13A-A411-4C04-BC7E-E1DA798DAD63}.Debug|Any CPU.Build.0 = Debug|Any CPU
		{62D8C13A-A411-4C04-BC7E-E1DA798DAD63}.Debug|x64.ActiveCfg = Debug|Any CPU
		{62D8C13A-A411-4C04-BC7E-E1DA798DAD63}.Debug|x64.Build.0 = Debug|Any CPU
		{62D8C13A-A411-4C04-BC7E-E1DA798DAD63}.Debug|x86.ActiveCfg = Debug|Any CPU
		{62D8C13A-A411-4C04-BC7E-E1DA798DAD63}.Debug|x86.Build.0 = Debug|Any CPU
		{62D8C13A-A411-4C04-BC7E-E1DA798DAD63}.Release|Any CPU.ActiveCfg = Release|Any CPU
		{62D8C13A-A411-4C04-BC7E-E1DA798DAD63}.Release|Any CPU.Build.0 = Release|Any CPU
		{62D8C13A-A411-4C04-BC7E-E1DA798DAD63}.Release|x64.ActiveCfg = Release|Any CPU
		{62D8C13A-A411-4C04-BC7E-E1DA798DAD63}.Release|x64.Build.0 = Release|Any CPU
		{62D8C13A-A411-4C04-BC7E-E1DA798DAD63}.Release|x86.ActiveCfg = Release|Any CPU
		{62D8C13A-A411-4C04-BC7E-E1DA798DAD63}.Release|x86.Build.0 = Release|Any CPU
		{46356686-5362-4E1E-875F-ED513D74C42A}.Debug|Any CPU.ActiveCfg = Debug|Any CPU
		{46356686-5362-4E1E-875F-ED513D74C42A}.Debug|Any CPU.Build.0 = Debug|Any CPU
		{46356686-5362-4E1E-875F-ED513D74C42A}.Debug|x64.ActiveCfg = Debug|Any CPU
		{46356686-5362-4E1E-875F-ED513D74C42A}.Debug|x64.Build.0 = Debug|Any CPU
		{46356686-5362-4E1E-875F-ED513D74C42A}.Debug|x86.ActiveCfg = Debug|Any CPU
		{46356686-5362-4E1E-875F-ED513D74C42A}.Debug|x86.Build.0 = Debug|Any CPU
		{46356686-5362-4E1E-875F-ED513D74C42A}.Release|Any CPU.ActiveCfg = Release|Any CPU
		{46356686-5362-4E1E-875F-ED513D74C42A}.Release|Any CPU.Build.0 = Release|Any CPU
		{46356686-5362-4E1E-875F-ED513D74C42A}.Release|x64.ActiveCfg = Release|Any CPU
		{46356686-5362-4E1E-875F-ED513D74C42A}.Release|x64.Build.0 = Release|Any CPU
		{46356686-5362-4E1E-875F-ED513D74C42A}.Release|x86.ActiveCfg = Release|Any CPU
		{46356686-5362-4E1E-875F-ED513D74C42A}.Release|x86.Build.0 = Release|Any CPU
		{0FBD234C-F56F-490A-A41C-DEB8B0D8BB1F}.Debug|Any CPU.ActiveCfg = Debug|Any CPU
		{0FBD234C-F56F-490A-A41C-DEB8B0D8BB1F}.Debug|Any CPU.Build.0 = Debug|Any CPU
		{0FBD234C-F56F-490A-A41C-DEB8B0D8BB1F}.Debug|x64.ActiveCfg = Debug|Any CPU
		{0FBD234C-F56F-490A-A41C-DEB8B0D8BB1F}.Debug|x64.Build.0 = Debug|Any CPU
		{0FBD234C-F56F-490A-A41C-DEB8B0D8BB1F}.Debug|x86.ActiveCfg = Debug|Any CPU
		{0FBD234C-F56F-490A-A41C-DEB8B0D8BB1F}.Debug|x86.Build.0 = Debug|Any CPU
		{0FBD234C-F56F-490A-A41C-DEB8B0D8BB1F}.Release|Any CPU.ActiveCfg = Release|Any CPU
		{0FBD234C-F56F-490A-A41C-DEB8B0D8BB1F}.Release|Any CPU.Build.0 = Release|Any CPU
		{0FBD234C-F56F-490A-A41C-DEB8B0D8BB1F}.Release|x64.ActiveCfg = Release|Any CPU
		{0FBD234C-F56F-490A-A41C-DEB8B0D8BB1F}.Release|x64.Build.0 = Release|Any CPU
		{0FBD234C-F56F-490A-A41C-DEB8B0D8BB1F}.Release|x86.ActiveCfg = Release|Any CPU
		{0FBD234C-F56F-490A-A41C-DEB8B0D8BB1F}.Release|x86.Build.0 = Release|Any CPU
		{260FD818-1BB5-4583-9BFD-BF4930D7B3EA}.Debug|Any CPU.ActiveCfg = Debug|Any CPU
		{260FD818-1BB5-4583-9BFD-BF4930D7B3EA}.Debug|Any CPU.Build.0 = Debug|Any CPU
		{260FD818-1BB5-4583-9BFD-BF4930D7B3EA}.Debug|x64.ActiveCfg = Debug|Any CPU
		{260FD818-1BB5-4583-9BFD-BF4930D7B3EA}.Debug|x64.Build.0 = Debug|Any CPU
		{260FD818-1BB5-4583-9BFD-BF4930D7B3EA}.Debug|x86.ActiveCfg = Debug|Any CPU
		{260FD818-1BB5-4583-9BFD-BF4930D7B3EA}.Debug|x86.Build.0 = Debug|Any CPU
		{260FD818-1BB5-4583-9BFD-BF4930D7B3EA}.Release|Any CPU.ActiveCfg = Release|Any CPU
		{260FD818-1BB5-4583-9BFD-BF4930D7B3EA}.Release|Any CPU.Build.0 = Release|Any CPU
		{260FD818-1BB5-4583-9BFD-BF4930D7B3EA}.Release|x64.ActiveCfg = Release|Any CPU
		{260FD818-1BB5-4583-9BFD-BF4930D7B3EA}.Release|x64.Build.0 = Release|Any CPU
		{260FD818-1BB5-4583-9BFD-BF4930D7B3EA}.Release|x86.ActiveCfg = Release|Any CPU
		{260FD818-1BB5-4583-9BFD-BF4930D7B3EA}.Release|x86.Build.0 = Release|Any CPU
	EndGlobalSection
	GlobalSection(SolutionProperties) = preSolution
		HideSolutionNode = FALSE
	EndGlobalSection
	GlobalSection(NestedProjects) = preSolution
		{1492FBAB-54FA-4911-85A5-0C654EEC4C37} = {827E0CD3-B72D-47B6-A68D-7590B98EB39B}
		{3002B244-8974-4068-885E-D4D969D841A3} = {827E0CD3-B72D-47B6-A68D-7590B98EB39B}
		{E1007660-EC5E-4E7F-90E4-4A955A5059EB} = {827E0CD3-B72D-47B6-A68D-7590B98EB39B}
		{B55B4C10-3141-47AA-A1C7-914298878C37} = {827E0CD3-B72D-47B6-A68D-7590B98EB39B}
		{713357EF-D86A-4D35-BE2A-2711289FF1B0} = {07C2787E-EAC7-C090-1BA3-A61EC2A24D84}
		{6498E1AD-187D-476D-90EB-C66CD0EB7522} = {827E0CD3-B72D-47B6-A68D-7590B98EB39B}
		{62D8C13A-A411-4C04-BC7E-E1DA798DAD63} = {827E0CD3-B72D-47B6-A68D-7590B98EB39B}
		{46356686-5362-4E1E-875F-ED513D74C42A} = {827E0CD3-B72D-47B6-A68D-7590B98EB39B}
		{0FBD234C-F56F-490A-A41C-DEB8B0D8BB1F} = {2CB42F12-E813-91B3-7D11-3220E40BEF4A}
		{260FD818-1BB5-4583-9BFD-BF4930D7B3EA} = {2CB42F12-E813-91B3-7D11-3220E40BEF4A}
	EndGlobalSection
EndGlobal
